// !$*UTF8*$!
{
	archiveVersion = 1;
	classes = {
	};
	objectVersion = 56;
	objects = {

/* Begin PBXBuildFile section */
		519F29AB2AD4241600F04627 /* AppDelegate.swift in Sources */ = {isa = PBXBuildFile; fileRef = 519F29AA2AD4241600F04627 /* AppDelegate.swift */; };
		519F29AD2AD4241600F04627 /* SceneDelegate.swift in Sources */ = {isa = PBXBuildFile; fileRef = 519F29AC2AD4241600F04627 /* SceneDelegate.swift */; };
		519F29AF2AD4241600F04627 /* ViewController.swift in Sources */ = {isa = PBXBuildFile; fileRef = 519F29AE2AD4241600F04627 /* ViewController.swift */; };
		519F29B22AD4241600F04627 /* Main.storyboard in Resources */ = {isa = PBXBuildFile; fileRef = 519F29B02AD4241600F04627 /* Main.storyboard */; };
		519F29B52AD4241600F04627 /* ArtBookProject_CoreData.xcdatamodeld in Sources */ = {isa = PBXBuildFile; fileRef = 519F29B32AD4241600F04627 /* ArtBookProject_CoreData.xcdatamodeld */; };
		519F29B72AD4241700F04627 /* Assets.xcassets in Resources */ = {isa = PBXBuildFile; fileRef = 519F29B62AD4241700F04627 /* Assets.xcassets */; };
		519F29BA2AD4241700F04627 /* LaunchScreen.storyboard in Resources */ = {isa = PBXBuildFile; fileRef = 519F29B82AD4241700F04627 /* LaunchScreen.storyboard */; };
		519F29C22AD4294A00F04627 /* DetailsVC.swift in Sources */ = {isa = PBXBuildFile; fileRef = 519F29C12AD4294A00F04627 /* DetailsVC.swift */; };
		519F29C62AD4343000F04627 /* select.png in Resources */ = {isa = PBXBuildFile; fileRef = 519F29C52AD4343000F04627 /* select.png */; };
/* End PBXBuildFile section */

/* Begin PBXFileReference section */
		519F29A72AD4241600F04627 /* ArtBookProject-CoreData.app */ = {isa = PBXFileReference; explicitFileType = wrapper.application; includeInIndex = 0; path = "ArtBookProject-CoreData.app"; sourceTree = BUILT_PRODUCTS_DIR; };
		519F29AA2AD4241600F04627 /* AppDelegate.swift */ = {isa = PBXFileReference; lastKnownFileType = sourcecode.swift; path = AppDelegate.swift; sourceTree = "<group>"; };
		519F29AC2AD4241600F04627 /* SceneDelegate.swift */ = {isa = PBXFileReference; lastKnownFileType = sourcecode.swift; path = SceneDelegate.swift; sourceTree = "<group>"; };
		519F29AE2AD4241600F04627 /* ViewController.swift */ = {isa = PBXFileReference; lastKnownFileType = sourcecode.swift; path = ViewController.swift; sourceTree = "<group>"; };
		519F29B12AD4241600F04627 /* Base */ = {isa = PBXFileReference; lastKnownFileType = file.storyboard; name = Base; path = Base.lproj/Main.storyboard; sourceTree = "<group>"; };
		519F29B42AD4241600F04627 /* ArtBookProject_CoreData.xcdatamodel */ = {isa = PBXFileReference; lastKnownFileType = wrapper.xcdatamodel; path = ArtBookProject_CoreData.xcdatamodel; sourceTree = "<group>"; };
		519F29B62AD4241700F04627 /* Assets.xcassets */ = {isa = PBXFileReference; lastKnownFileType = folder.assetcatalog; path = Assets.xcassets; sourceTree = "<group>"; };
		519F29B92AD4241700F04627 /* Base */ = {isa = PBXFileReference; lastKnownFileType = file.storyboard; name = Base; path = Base.lproj/LaunchScreen.storyboard; sourceTree = "<group>"; };
		519F29BB2AD4241700F04627 /* Info.plist */ = {isa = PBXFileReference; lastKnownFileType = text.plist.xml; path = Info.plist; sourceTree = "<group>"; };
		519F29C12AD4294A00F04627 /* DetailsVC.swift */ = {isa = PBXFileReference; lastKnownFileType = sourcecode.swift; path = DetailsVC.swift; sourceTree = "<group>"; };
		519F29C52AD4343000F04627 /* select.png */ = {isa = PBXFileReference; lastKnownFileType = image.png; path = select.png; sourceTree = "<group>"; };
/* End PBXFileReference section */

/* Begin PBXFrameworksBuildPhase section */
		519F29A42AD4241600F04627 /* Frameworks */ = {
			isa = PBXFrameworksBuildPhase;
			buildActionMask = 2147483647;
			files = (
			);
			runOnlyForDeploymentPostprocessing = 0;
		};
/* End PBXFrameworksBuildPhase section */

/* Begin PBXGroup section */
		519F299E2AD4241600F04627 = {
			isa = PBXGroup;
			children = (
				519F29A92AD4241600F04627 /* ArtBookProject-CoreData */,
				519F29A82AD4241600F04627 /* Products */,
			);
			sourceTree = "<group>";
		};
		519F29A82AD4241600F04627 /* Products */ = {
			isa = PBXGroup;
			children = (
				519F29A72AD4241600F04627 /* ArtBookProject-CoreData.app */,
			);
			name = Products;
			sourceTree = "<group>";
		};
		519F29A92AD4241600F04627 /* ArtBookProject-CoreData */ = {
			isa = PBXGroup;
			children = (
				519F29C52AD4343000F04627 /* select.png */,
				519F29AA2AD4241600F04627 /* AppDelegate.swift */,
				519F29AC2AD4241600F04627 /* SceneDelegate.swift */,
				519F29AE2AD4241600F04627 /* ViewController.swift */,
				519F29C12AD4294A00F04627 /* DetailsVC.swift */,
				519F29B02AD4241600F04627 /* Main.storyboard */,
				519F29B62AD4241700F04627 /* Assets.xcassets */,
				519F29B82AD4241700F04627 /* LaunchScreen.storyboard */,
				519F29BB2AD4241700F04627 /* Info.plist */,
				519F29B32AD4241600F04627 /* ArtBookProject_CoreData.xcdatamodeld */,
			);
			path = "ArtBookProject-CoreData";
			sourceTree = "<group>";
		};
/* End PBXGroup section */

/* Begin PBXNativeTarget section */
		519F29A62AD4241600F04627 /* ArtBookProject-CoreData */ = {
			isa = PBXNativeTarget;
			buildConfigurationList = 519F29BE2AD4241700F04627 /* Build configuration list for PBXNativeTarget "ArtBookProject-CoreData" */;
			buildPhases = (
				519F29A32AD4241600F04627 /* Sources */,
				519F29A42AD4241600F04627 /* Frameworks */,
				519F29A52AD4241600F04627 /* Resources */,
			);
			buildRules = (
			);
			dependencies = (
			);
			name = "ArtBookProject-CoreData";
			productName = "ArtBookProject-CoreData";
			productReference = 519F29A72AD4241600F04627 /* ArtBookProject-CoreData.app */;
			productType = "com.apple.product-type.application";
		};
/* End PBXNativeTarget section */

/* Begin PBXProject section */
		519F299F2AD4241600F04627 /* Project object */ = {
			isa = PBXProject;
			attributes = {
				BuildIndependentTargetsInParallel = 1;
				LastSwiftUpdateCheck = 1430;
				LastUpgradeCheck = 1430;
				TargetAttributes = {
					519F29A62AD4241600F04627 = {
						CreatedOnToolsVersion = 14.3.1;
					};
				};
			};
			buildConfigurationList = 519F29A22AD4241600F04627 /* Build configuration list for PBXProject "ArtBookProject-CoreData" */;
			compatibilityVersion = "Xcode 14.0";
			developmentRegion = en;
			hasScannedForEncodings = 0;
			knownRegions = (
				en,
				Base,
			);
			mainGroup = 519F299E2AD4241600F04627;
			productRefGroup = 519F29A82AD4241600F04627 /* Products */;
			projectDirPath = "";
			projectRoot = "";
			targets = (
				519F29A62AD4241600F04627 /* ArtBookProject-CoreData */,
			);
		};
/* End PBXProject section */

/* Begin PBXResourcesBuildPhase section */
		519F29A52AD4241600F04627 /* Resources */ = {
			isa = PBXResourcesBuildPhase;
			buildActionMask = 2147483647;
			files = (
				519F29BA2AD4241700F04627 /* LaunchScreen.storyboard in Resources */,
				519F29C62AD4343000F04627 /* select.png in Resources */,
				519F29B72AD4241700F04627 /* Assets.xcassets in Resources */,
				519F29B22AD4241600F04627 /* Main.storyboard in Resources */,
			);
			runOnlyForDeploymentPostprocessing = 0;
		};
/* End PBXResourcesBuildPhase section */

/* Begin PBXSourcesBuildPhase section */
		519F29A32AD4241600F04627 /* Sources */ = {
			isa = PBXSourcesBuildPhase;
			buildActionMask = 2147483647;
			files = (
				519F29AF2AD4241600F04627 /* ViewController.swift in Sources */,
				519F29AB2AD4241600F04627 /* AppDelegate.swift in Sources */,
				519F29AD2AD4241600F04627 /* SceneDelegate.swift in Sources */,
				519F29B52AD4241600F04627 /* ArtBookProject_CoreData.xcdatamodeld in Sources */,
				519F29C22AD4294A00F04627 /* DetailsVC.swift in Sources */,
			);
			runOnlyForDeploymentPostprocessing = 0;
		};
/* End PBXSourcesBuildPhase section */

/* Begin PBXVariantGroup section */
		519F29B02AD4241600F04627 /* Main.storyboard */ = {
			isa = PBXVariantGroup;
			children = (
				519F29B12AD4241600F04627 /* Base */,
			);
			name = Main.storyboard;
			sourceTree = "<group>";
		};
		519F29B82AD4241700F04627 /* LaunchScreen.storyboard */ = {
			isa = PBXVariantGroup;
			children = (
				519F29B92AD4241700F04627 /* Base */,
			);
			name = LaunchScreen.storyboard;
			sourceTree = "<group>";
		};
/* End PBXVariantGroup section */

/* Begin XCBuildConfiguration section */
		519F29BC2AD4241700F04627 /* Debug */ = {
			isa = XCBuildConfiguration;
			buildSettings = {
				ALWAYS_SEARCH_USER_PATHS = NO;
				CLANG_ANALYZER_NONNULL = YES;
				CLANG_ANALYZER_NUMBER_OBJECT_CONVERSION = YES_AGGRESSIVE;
				CLANG_CXX_LANGUAGE_STANDARD = "gnu++20";
				CLANG_ENABLE_MODULES = YES;
				CLANG_ENABLE_OBJC_ARC = YES;
				CLANG_ENABLE_OBJC_WEAK = YES;
				CLANG_WARN_BLOCK_CAPTURE_AUTORELEASING = YES;
				CLANG_WARN_BOOL_CONVERSION = YES;
				CLANG_WARN_COMMA = YES;
				CLANG_WARN_CONSTANT_CONVERSION = YES;
				CLANG_WARN_DEPRECATED_OBJC_IMPLEMENTATIONS = YES;
				CLANG_WARN_DIRECT_OBJC_ISA_USAGE = YES_ERROR;
				CLANG_WARN_DOCUMENTATION_COMMENTS = YES;
				CLANG_WARN_EMPTY_BODY = YES;
				CLANG_WARN_ENUM_CONVERSION = YES;
				CLANG_WARN_INFINITE_RECURSION = YES;
				CLANG_WARN_INT_CONVERSION = YES;
				CLANG_WARN_NON_LITERAL_NULL_CONVERSION = YES;
				CLANG_WARN_OBJC_IMPLICIT_RETAIN_SELF = YES;
				CLANG_WARN_OBJC_LITERAL_CONVERSION = YES;
				CLANG_WARN_OBJC_ROOT_CLASS = YES_ERROR;
				CLANG_WARN_QUOTED_INCLUDE_IN_FRAMEWORK_HEADER = YES;
				CLANG_WARN_RANGE_LOOP_ANALYSIS = YES;
				CLANG_WARN_STRICT_PROTOTYPES = YES;
				CLANG_WARN_SUSPICIOUS_MOVE = YES;
				CLANG_WARN_UNGUARDED_AVAILABILITY = YES_AGGRESSIVE;
				CLANG_WARN_UNREACHABLE_CODE = YES;
				CLANG_WARN__DUPLICATE_METHOD_MATCH = YES;
				COPY_PHASE_STRIP = NO;
				DEBUG_INFORMATION_FORMAT = dwarf;
				ENABLE_STRICT_OBJC_MSGSEND = YES;
				ENABLE_TESTABILITY = YES;
				GCC_C_LANGUAGE_STANDARD = gnu11;
				GCC_DYNAMIC_NO_PIC = NO;
				GCC_NO_COMMON_BLOCKS = YES;
				GCC_OPTIMIZATION_LEVEL = 0;
				GCC_PREPROCESSOR_DEFINITIONS = (
					"DEBUG=1",
					"$(inherited)",
				);
				GCC_WARN_64_TO_32_BIT_CONVERSION = YES;
				GCC_WARN_ABOUT_RETURN_TYPE = YES_ERROR;
				GCC_WARN_UNDECLARED_SELECTOR = YES;
				GCC_WARN_UNINITIALIZED_AUTOS = YES_AGGRESSIVE;
				GCC_WARN_UNUSED_FUNCTION = YES;
				GCC_WARN_UNUSED_VARIABLE = YES;
				IPHONEOS_DEPLOYMENT_TARGET = 16.4;
				MTL_ENABLE_DEBUG_INFO = INCLUDE_SOURCE;
				MTL_FAST_MATH = YES;
				ONLY_ACTIVE_ARCH = YES;
				SDKROOT = iphoneos;
				SWIFT_ACTIVE_COMPILATION_CONDITIONS = DEBUG;
				SWIFT_OPTIMIZATION_LEVEL = "-Onone";
			};
			name = Debug;
		};
		519F29BD2AD4241700F04627 /* Release */ = {
			isa = XCBuildConfiguration;
			buildSettings = {
				ALWAYS_SEARCH_USER_PATHS = NO;
				CLANG_ANALYZER_NONNULL = YES;
				CLANG_ANALYZER_NUMBER_OBJECT_CONVERSION = YES_AGGRESSIVE;
				CLANG_CXX_LANGUAGE_STANDARD = "gnu++20";
				CLANG_ENABLE_MODULES = YES;
				CLANG_ENABLE_OBJC_ARC = YES;
				CLANG_ENABLE_OBJC_WEAK = YES;
				CLANG_WARN_BLOCK_CAPTURE_AUTORELEASING = YES;
				CLANG_WARN_BOOL_CONVERSION = YES;
				CLANG_WARN_COMMA = YES;
				CLANG_WARN_CONSTANT_CONVERSION = YES;
				CLANG_WARN_DEPRECATED_OBJC_IMPLEMENTATIONS = YES;
				CLANG_WARN_DIRECT_OBJC_ISA_USAGE = YES_ERROR;
				CLANG_WARN_DOCUMENTATION_COMMENTS = YES;
				CLANG_WARN_EMPTY_BODY = YES;
				CLANG_WARN_ENUM_CONVERSION = YES;
				CLANG_WARN_INFINITE_RECURSION = YES;
				CLANG_WARN_INT_CONVERSION = YES;
				CLANG_WARN_NON_LITERAL_NULL_CONVERSION = YES;
				CLANG_WARN_OBJC_IMPLICIT_RETAIN_SELF = YES;
				CLANG_WARN_OBJC_LITERAL_CONVERSION = YES;
				CLANG_WARN_OBJC_ROOT_CLASS = YES_ERROR;
				CLANG_WARN_QUOTED_INCLUDE_IN_FRAMEWORK_HEADER = YES;
				CLANG_WARN_RANGE_LOOP_ANALYSIS = YES;
				CLANG_WARN_STRICT_PROTOTYPES = YES;
				CLANG_WARN_SUSPICIOUS_MOVE = YES;
				CLANG_WARN_UNGUARDED_AVAILABILITY = YES_AGGRESSIVE;
				CLANG_WARN_UNREACHABLE_CODE = YES;
				CLANG_WARN__DUPLICATE_METHOD_MATCH = YES;
				COPY_PHASE_STRIP = NO;
				DEBUG_INFORMATION_FORMAT = "dwarf-with-dsym";
				ENABLE_NS_ASSERTIONS = NO;
				ENABLE_STRICT_OBJC_MSGSEND = YES;
				GCC_C_LANGUAGE_STANDARD = gnu11;
				GCC_NO_COMMON_BLOCKS = YES;
				GCC_WARN_64_TO_32_BIT_CONVERSION = YES;
				GCC_WARN_ABOUT_RETURN_TYPE = YES_ERROR;
				GCC_WARN_UNDECLARED_SELECTOR = YES;
				GCC_WARN_UNINITIALIZED_AUTOS = YES_AGGRESSIVE;
				GCC_WARN_UNUSED_FUNCTION = YES;
				GCC_WARN_UNUSED_VARIABLE = YES;
				IPHONEOS_DEPLOYMENT_TARGET = 16.4;
				MTL_ENABLE_DEBUG_INFO = NO;
				MTL_FAST_MATH = YES;
				SDKROOT = iphoneos;
				SWIFT_COMPILATION_MODE = wholemodule;
				SWIFT_OPTIMIZATION_LEVEL = "-O";
				VALIDATE_PRODUCT = YES;
			};
			name = Release;
		};
		519F29BF2AD4241700F04627 /* Debug */ = {
			isa = XCBuildConfiguration;
			buildSettings = {
				ASSETCATALOG_COMPILER_APPICON_NAME = AppIcon;
				ASSETCATALOG_COMPILER_GLOBAL_ACCENT_COLOR_NAME = AccentColor;
				CODE_SIGN_STYLE = Automatic;
				CURRENT_PROJECT_VERSION = 1;
				DEVELOPMENT_TEAM = N8H7V8P3V7;
				GENERATE_INFOPLIST_FILE = YES;
				INFOPLIST_FILE = "ArtBookProject-CoreData/Info.plist";
				INFOPLIST_KEY_UIApplicationSupportsIndirectInputEvents = YES;
				INFOPLIST_KEY_UILaunchStoryboardName = LaunchScreen;
				INFOPLIST_KEY_UIMainStoryboardFile = Main;
				INFOPLIST_KEY_UISupportedInterfaceOrientations_iPad = "UIInterfaceOrientationPortrait UIInterfaceOrientationPortraitUpsideDown UIInterfaceOrientationLandscapeLeft UIInterfaceOrientationLandscapeRight";
				INFOPLIST_KEY_UISupportedInterfaceOrientations_iPhone = "UIInterfaceOrientationPortrait UIInterfaceOrientationLandscapeLeft UIInterfaceOrientationLandscapeRight";
				LD_RUNPATH_SEARCH_PATHS = (
					"$(inherited)",
					"@executable_path/Frameworks",
				);
				MARKETING_VERSION = 1.0;
				PRODUCT_BUNDLE_IDENTIFIER = "com.hakankucukaslan.ArtBookProject-CoreData";
				PRODUCT_NAME = "$(TARGET_NAME)";
				SWIFT_EMIT_LOC_STRINGS = YES;
				SWIFT_VERSION = 5.0;
				TARGETED_DEVICE_FAMILY = "1,2";
			};
			name = Debug;
		};
		519F29C02AD4241700F04627 /* Release */ = {
			isa = XCBuildConfiguration;
			buildSettings = {
				ASSETCATALOG_COMPILER_APPICON_NAME = AppIcon;
				ASSETCATALOG_COMPILER_GLOBAL_ACCENT_COLOR_NAME = AccentColor;
				CODE_SIGN_STYLE = Automatic;
				CURRENT_PROJECT_VERSION = 1;
				DEVELOPMENT_TEAM = N8H7V8P3V7;
				GENERATE_INFOPLIST_FILE = YES;
				INFOPLIST_FILE = "ArtBookProject-CoreData/Info.plist";
				INFOPLIST_KEY_UIApplicationSupportsIndirectInputEvents = YES;
				INFOPLIST_KEY_UILaunchStoryboardName = LaunchScreen;
				INFOPLIST_KEY_UIMainStoryboardFile = Main;
				INFOPLIST_KEY_UISupportedInterfaceOrientations_iPad = "UIInterfaceOrientationPortrait UIInterfaceOrientationPortraitUpsideDown UIInterfaceOrientationLandscapeLeft UIInterfaceOrientationLandscapeRight";
				INFOPLIST_KEY_UISupportedInterfaceOrientations_iPhone = "UIInterfaceOrientationPortrait UIInterfaceOrientationLandscapeLeft UIInterfaceOrientationLandscapeRight";
				LD_RUNPATH_SEARCH_PATHS = (
					"$(inherited)",
					"@executable_path/Frameworks",
				);
				MARKETING_VERSION = 1.0;
				PRODUCT_BUNDLE_IDENTIFIER = "com.hakankucukaslan.ArtBookProject-CoreData";
				PRODUCT_NAME = "$(TARGET_NAME)";
				SWIFT_EMIT_LOC_STRINGS = YES;
				SWIFT_VERSION = 5.0;
				TARGETED_DEVICE_FAMILY = "1,2";
			};
			name = Release;
		};
/* End XCBuildConfiguration section */

/* Begin XCConfigurationList section */
		519F29A22AD4241600F04627 /* Build configuration list for PBXProject "ArtBookProject-CoreData" */ = {
			isa = XCConfigurationList;
			buildConfigurations = (
				519F29BC2AD4241700F04627 /* Debug */,
				519F29BD2AD4241700F04627 /* Release */,
			);
			defaultConfigurationIsVisible = 0;
			defaultConfigurationName = Release;
		};
		519F29BE2AD4241700F04627 /* Build configuration list for PBXNativeTarget "ArtBookProject-CoreData" */ = {
			isa = XCConfigurationList;
			buildConfigurations = (
				519F29BF2AD4241700F04627 /* Debug */,
				519F29C02AD4241700F04627 /* Release */,
			);
			defaultConfigurationIsVisible = 0;
			defaultConfigurationName = Release;
		};
/* End XCConfigurationList section */

/* Begin XCVersionGroup section */
		519F29B32AD4241600F04627 /* ArtBookProject_CoreData.xcdatamodeld */ = {
			isa = XCVersionGroup;
			children = (
				519F29B42AD4241600F04627 /* ArtBookProject_CoreData.xcdatamodel */,
			);
			currentVersion = 519F29B42AD4241600F04627 /* ArtBookProject_CoreData.xcdatamodel */;
			path = ArtBookProject_CoreData.xcdatamodeld;
			sourceTree = "<group>";
			versionGroupType = wrapper.xcdatamodel;
		};
/* End XCVersionGroup section */
	};
	rootObject = 519F299F2AD4241600F04627 /* Project object */;
}
