// !$*UTF8*$!
{
	archiveVersion = 1;
	classes = {
	};
	objectVersion = 56;
	objects = {

/* Begin PBXBuildFile section */
		5153348C2A8BACE800523DD2 /* AppDelegate.swift in Sources */ = {isa = PBXBuildFile; fileRef = 5153348B2A8BACE800523DD2 /* AppDelegate.swift */; };
		5153348E2A8BACE800523DD2 /* SceneDelegate.swift in Sources */ = {isa = PBXBuildFile; fileRef = 5153348D2A8BACE800523DD2 /* SceneDelegate.swift */; };
		515334902A8BACE800523DD2 /* ViewController.swift in Sources */ = {isa = PBXBuildFile; fileRef = 5153348F2A8BACE800523DD2 /* ViewController.swift */; };
		515334932A8BACE800523DD2 /* Main.storyboard in Resources */ = {isa = PBXBuildFile; fileRef = 515334912A8BACE800523DD2 /* Main.storyboard */; };
		515334952A8BACEA00523DD2 /* Assets.xcassets in Resources */ = {isa = PBXBuildFile; fileRef = 515334942A8BACEA00523DD2 /* Assets.xcassets */; };
		515334982A8BACEA00523DD2 /* LaunchScreen.storyboard in Resources */ = {isa = PBXBuildFile; fileRef = 515334962A8BACEA00523DD2 /* LaunchScreen.storyboard */; };
		515334A02A8BAEEE00523DD2 /* KategoriHucreTableViewCell.swift in Sources */ = {isa = PBXBuildFile; fileRef = 5153349F2A8BAEEE00523DD2 /* KategoriHucreTableViewCell.swift */; };
		515334A22A8BB21100523DD2 /* FilmHucreCollectionViewCell.swift in Sources */ = {isa = PBXBuildFile; fileRef = 515334A12A8BB21100523DD2 /* FilmHucreCollectionViewCell.swift */; };
		515334A42A8BB4AA00523DD2 /* FilmViewController.swift in Sources */ = {isa = PBXBuildFile; fileRef = 515334A32A8BB4AA00523DD2 /* FilmViewController.swift */; };
		515334A62A8BB4C300523DD2 /* FilmDetayViewController.swift in Sources */ = {isa = PBXBuildFile; fileRef = 515334A52A8BB4C300523DD2 /* FilmDetayViewController.swift */; };
		515334A82A8BB61800523DD2 /* Kategoriler.swift in Sources */ = {isa = PBXBuildFile; fileRef = 515334A72A8BB61800523DD2 /* Kategoriler.swift */; };
		515334AA2A8BB6C400523DD2 /* Yonetmenler.swift in Sources */ = {isa = PBXBuildFile; fileRef = 515334A92A8BB6C400523DD2 /* Yonetmenler.swift */; };
		515334AC2A8BB75D00523DD2 /* Filmler.swift in Sources */ = {isa = PBXBuildFile; fileRef = 515334AB2A8BB75D00523DD2 /* Filmler.swift */; };
		515334BB2A8BC71000523DD2 /* FMDatabasePool.m in Sources */ = {isa = PBXBuildFile; fileRef = 515334B42A8BC70F00523DD2 /* FMDatabasePool.m */; };
		515334BC2A8BC71000523DD2 /* FMDatabaseAdditions.m in Sources */ = {isa = PBXBuildFile; fileRef = 515334B52A8BC70F00523DD2 /* FMDatabaseAdditions.m */; };
		515334BD2A8BC71000523DD2 /* FMResultSet.m in Sources */ = {isa = PBXBuildFile; fileRef = 515334B62A8BC71000523DD2 /* FMResultSet.m */; };
		515334BE2A8BC71000523DD2 /* FMDatabase.m in Sources */ = {isa = PBXBuildFile; fileRef = 515334B72A8BC71000523DD2 /* FMDatabase.m */; };
		515334BF2A8BC71000523DD2 /* FMDatabaseQueue.m in Sources */ = {isa = PBXBuildFile; fileRef = 515334BA2A8BC71000523DD2 /* FMDatabaseQueue.m */; };
		515334C12A8BC75000523DD2 /* filmler.sqlite in Resources */ = {isa = PBXBuildFile; fileRef = 515334C02A8BC75000523DD2 /* filmler.sqlite */; };
		515334C32A8BC7E200523DD2 /* Kategorilerdao.swift in Sources */ = {isa = PBXBuildFile; fileRef = 515334C22A8BC7E200523DD2 /* Kategorilerdao.swift */; };
		515334C52A8BC7FE00523DD2 /* Filmlerdao.swift in Sources */ = {isa = PBXBuildFile; fileRef = 515334C42A8BC7FE00523DD2 /* Filmlerdao.swift */; };
/* End PBXBuildFile section */

/* Begin PBXFileReference section */
		515334882A8BACE800523DD2 /* FimlerUygulamasi.app */ = {isa = PBXFileReference; explicitFileType = wrapper.application; includeInIndex = 0; path = FimlerUygulamasi.app; sourceTree = BUILT_PRODUCTS_DIR; };
		5153348B2A8BACE800523DD2 /* AppDelegate.swift */ = {isa = PBXFileReference; lastKnownFileType = sourcecode.swift; path = AppDelegate.swift; sourceTree = "<group>"; };
		5153348D2A8BACE800523DD2 /* SceneDelegate.swift */ = {isa = PBXFileReference; lastKnownFileType = sourcecode.swift; path = SceneDelegate.swift; sourceTree = "<group>"; };
		5153348F2A8BACE800523DD2 /* ViewController.swift */ = {isa = PBXFileReference; lastKnownFileType = sourcecode.swift; path = ViewController.swift; sourceTree = "<group>"; };
		515334922A8BACE800523DD2 /* Base */ = {isa = PBXFileReference; lastKnownFileType = file.storyboard; name = Base; path = Base.lproj/Main.storyboard; sourceTree = "<group>"; };
		515334942A8BACEA00523DD2 /* Assets.xcassets */ = {isa = PBXFileReference; lastKnownFileType = folder.assetcatalog; path = Assets.xcassets; sourceTree = "<group>"; };
		515334972A8BACEA00523DD2 /* Base */ = {isa = PBXFileReference; lastKnownFileType = file.storyboard; name = Base; path = Base.lproj/LaunchScreen.storyboard; sourceTree = "<group>"; };
		515334992A8BACEA00523DD2 /* Info.plist */ = {isa = PBXFileReference; lastKnownFileType = text.plist.xml; path = Info.plist; sourceTree = "<group>"; };
		5153349F2A8BAEEE00523DD2 /* KategoriHucreTableViewCell.swift */ = {isa = PBXFileReference; lastKnownFileType = sourcecode.swift; path = KategoriHucreTableViewCell.swift; sourceTree = "<group>"; };
		515334A12A8BB21100523DD2 /* FilmHucreCollectionViewCell.swift */ = {isa = PBXFileReference; lastKnownFileType = sourcecode.swift; path = FilmHucreCollectionViewCell.swift; sourceTree = "<group>"; };
		515334A32A8BB4AA00523DD2 /* FilmViewController.swift */ = {isa = PBXFileReference; lastKnownFileType = sourcecode.swift; path = FilmViewController.swift; sourceTree = "<group>"; };
		515334A52A8BB4C300523DD2 /* FilmDetayViewController.swift */ = {isa = PBXFileReference; lastKnownFileType = sourcecode.swift; path = FilmDetayViewController.swift; sourceTree = "<group>"; };
		515334A72A8BB61800523DD2 /* Kategoriler.swift */ = {isa = PBXFileReference; lastKnownFileType = sourcecode.swift; path = Kategoriler.swift; sourceTree = "<group>"; };
		515334A92A8BB6C400523DD2 /* Yonetmenler.swift */ = {isa = PBXFileReference; lastKnownFileType = sourcecode.swift; path = Yonetmenler.swift; sourceTree = "<group>"; };
		515334AB2A8BB75D00523DD2 /* Filmler.swift */ = {isa = PBXFileReference; lastKnownFileType = sourcecode.swift; path = Filmler.swift; sourceTree = "<group>"; };
		515334AE2A8BC6AC00523DD2 /* libsqlite3.tbd */ = {isa = PBXFileReference; lastKnownFileType = "sourcecode.text-based-dylib-definition"; name = libsqlite3.tbd; path = usr/lib/libsqlite3.tbd; sourceTree = SDKROOT; };
		515334AF2A8BC70E00523DD2 /* FimlerUygulamasi-Bridging-Header.h */ = {isa = PBXFileReference; lastKnownFileType = sourcecode.c.h; path = "FimlerUygulamasi-Bridging-Header.h"; sourceTree = "<group>"; };
		515334B02A8BC70F00523DD2 /* FMDB.h */ = {isa = PBXFileReference; fileEncoding = 4; lastKnownFileType = sourcecode.c.h; path = FMDB.h; sourceTree = "<group>"; };
		515334B12A8BC70F00523DD2 /* FMResultSet.h */ = {isa = PBXFileReference; fileEncoding = 4; lastKnownFileType = sourcecode.c.h; path = FMResultSet.h; sourceTree = "<group>"; };
		515334B22A8BC70F00523DD2 /* FMDatabaseAdditions.h */ = {isa = PBXFileReference; fileEncoding = 4; lastKnownFileType = sourcecode.c.h; path = FMDatabaseAdditions.h; sourceTree = "<group>"; };
		515334B32A8BC70F00523DD2 /* FMDatabase.h */ = {isa = PBXFileReference; fileEncoding = 4; lastKnownFileType = sourcecode.c.h; path = FMDatabase.h; sourceTree = "<group>"; };
		515334B42A8BC70F00523DD2 /* FMDatabasePool.m */ = {isa = PBXFileReference; fileEncoding = 4; lastKnownFileType = sourcecode.c.objc; path = FMDatabasePool.m; sourceTree = "<group>"; };
		515334B52A8BC70F00523DD2 /* FMDatabaseAdditions.m */ = {isa = PBXFileReference; fileEncoding = 4; lastKnownFileType = sourcecode.c.objc; path = FMDatabaseAdditions.m; sourceTree = "<group>"; };
		515334B62A8BC71000523DD2 /* FMResultSet.m */ = {isa = PBXFileReference; fileEncoding = 4; lastKnownFileType = sourcecode.c.objc; path = FMResultSet.m; sourceTree = "<group>"; };
		515334B72A8BC71000523DD2 /* FMDatabase.m */ = {isa = PBXFileReference; fileEncoding = 4; lastKnownFileType = sourcecode.c.objc; path = FMDatabase.m; sourceTree = "<group>"; };
		515334B82A8BC71000523DD2 /* FMDatabasePool.h */ = {isa = PBXFileReference; fileEncoding = 4; lastKnownFileType = sourcecode.c.h; path = FMDatabasePool.h; sourceTree = "<group>"; };
		515334B92A8BC71000523DD2 /* FMDatabaseQueue.h */ = {isa = PBXFileReference; fileEncoding = 4; lastKnownFileType = sourcecode.c.h; path = FMDatabaseQueue.h; sourceTree = "<group>"; };
		515334BA2A8BC71000523DD2 /* FMDatabaseQueue.m */ = {isa = PBXFileReference; fileEncoding = 4; lastKnownFileType = sourcecode.c.objc; path = FMDatabaseQueue.m; sourceTree = "<group>"; };
		515334C02A8BC75000523DD2 /* filmler.sqlite */ = {isa = PBXFileReference; lastKnownFileType = file; path = filmler.sqlite; sourceTree = "<group>"; };
		515334C22A8BC7E200523DD2 /* Kategorilerdao.swift */ = {isa = PBXFileReference; lastKnownFileType = sourcecode.swift; path = Kategorilerdao.swift; sourceTree = "<group>"; };
		515334C42A8BC7FE00523DD2 /* Filmlerdao.swift */ = {isa = PBXFileReference; lastKnownFileType = sourcecode.swift; path = Filmlerdao.swift; sourceTree = "<group>"; };
/* End PBXFileReference section */

/* Begin PBXFrameworksBuildPhase section */
		515334852A8BACE800523DD2 /* Frameworks */ = {
			isa = PBXFrameworksBuildPhase;
			buildActionMask = 2147483647;
			files = (
			);
			runOnlyForDeploymentPostprocessing = 0;
		};
/* End PBXFrameworksBuildPhase section */

/* Begin PBXGroup section */
		5153347F2A8BACE800523DD2 = {
			isa = PBXGroup;
			children = (
				5153348A2A8BACE800523DD2 /* FimlerUygulamasi */,
				515334892A8BACE800523DD2 /* Products */,
				515334AD2A8BC6AC00523DD2 /* Frameworks */,
			);
			sourceTree = "<group>";
		};
		515334892A8BACE800523DD2 /* Products */ = {
			isa = PBXGroup;
			children = (
				515334882A8BACE800523DD2 /* FimlerUygulamasi.app */,
			);
			name = Products;
			sourceTree = "<group>";
		};
		5153348A2A8BACE800523DD2 /* FimlerUygulamasi */ = {
			isa = PBXGroup;
			children = (
				515334C02A8BC75000523DD2 /* filmler.sqlite */,
				5153348B2A8BACE800523DD2 /* AppDelegate.swift */,
				5153348D2A8BACE800523DD2 /* SceneDelegate.swift */,
				5153348F2A8BACE800523DD2 /* ViewController.swift */,
				515334912A8BACE800523DD2 /* Main.storyboard */,
				515334942A8BACEA00523DD2 /* Assets.xcassets */,
				515334962A8BACEA00523DD2 /* LaunchScreen.storyboard */,
				515334992A8BACEA00523DD2 /* Info.plist */,
				5153349F2A8BAEEE00523DD2 /* KategoriHucreTableViewCell.swift */,
				515334A12A8BB21100523DD2 /* FilmHucreCollectionViewCell.swift */,
				515334A32A8BB4AA00523DD2 /* FilmViewController.swift */,
				515334A52A8BB4C300523DD2 /* FilmDetayViewController.swift */,
				515334A72A8BB61800523DD2 /* Kategoriler.swift */,
				515334A92A8BB6C400523DD2 /* Yonetmenler.swift */,
				515334AB2A8BB75D00523DD2 /* Filmler.swift */,
				515334B32A8BC70F00523DD2 /* FMDatabase.h */,
				515334B72A8BC71000523DD2 /* FMDatabase.m */,
				515334B22A8BC70F00523DD2 /* FMDatabaseAdditions.h */,
				515334B52A8BC70F00523DD2 /* FMDatabaseAdditions.m */,
				515334B82A8BC71000523DD2 /* FMDatabasePool.h */,
				515334B42A8BC70F00523DD2 /* FMDatabasePool.m */,
				515334B92A8BC71000523DD2 /* FMDatabaseQueue.h */,
				515334BA2A8BC71000523DD2 /* FMDatabaseQueue.m */,
				515334B02A8BC70F00523DD2 /* FMDB.h */,
				515334B12A8BC70F00523DD2 /* FMResultSet.h */,
				515334B62A8BC71000523DD2 /* FMResultSet.m */,
				515334AF2A8BC70E00523DD2 /* FimlerUygulamasi-Bridging-Header.h */,
				515334C22A8BC7E200523DD2 /* Kategorilerdao.swift */,
				515334C42A8BC7FE00523DD2 /* Filmlerdao.swift */,
			);
			path = FimlerUygulamasi;
			sourceTree = "<group>";
		};
		515334AD2A8BC6AC00523DD2 /* Frameworks */ = {
			isa = PBXGroup;
			children = (
				515334AE2A8BC6AC00523DD2 /* libsqlite3.tbd */,
			);
			name = Frameworks;
			sourceTree = "<group>";
		};
/* End PBXGroup section */

/* Begin PBXNativeTarget section */
		515334872A8BACE800523DD2 /* FimlerUygulamasi */ = {
			isa = PBXNativeTarget;
			buildConfigurationList = 5153349C2A8BACEA00523DD2 /* Build configuration list for PBXNativeTarget "FimlerUygulamasi" */;
			buildPhases = (
				515334842A8BACE800523DD2 /* Sources */,
				515334852A8BACE800523DD2 /* Frameworks */,
				515334862A8BACE800523DD2 /* Resources */,
			);
			buildRules = (
			);
			dependencies = (
			);
			name = FimlerUygulamasi;
			productName = FimlerUygulamasi;
			productReference = 515334882A8BACE800523DD2 /* FimlerUygulamasi.app */;
			productType = "com.apple.product-type.application";
		};
/* End PBXNativeTarget section */

/* Begin PBXProject section */
		515334802A8BACE800523DD2 /* Project object */ = {
			isa = PBXProject;
			attributes = {
				BuildIndependentTargetsInParallel = 1;
				LastSwiftUpdateCheck = 1430;
				LastUpgradeCheck = 1430;
				TargetAttributes = {
					515334872A8BACE800523DD2 = {
						CreatedOnToolsVersion = 14.3.1;
						LastSwiftMigration = 1430;
					};
				};
			};
			buildConfigurationList = 515334832A8BACE800523DD2 /* Build configuration list for PBXProject "FimlerUygulamasi" */;
			compatibilityVersion = "Xcode 14.0";
			developmentRegion = en;
			hasScannedForEncodings = 0;
			knownRegions = (
				en,
				Base,
			);
			mainGroup = 5153347F2A8BACE800523DD2;
			productRefGroup = 515334892A8BACE800523DD2 /* Products */;
			projectDirPath = "";
			projectRoot = "";
			targets = (
				515334872A8BACE800523DD2 /* FimlerUygulamasi */,
			);
		};
/* End PBXProject section */

/* Begin PBXResourcesBuildPhase section */
		515334862A8BACE800523DD2 /* Resources */ = {
			isa = PBXResourcesBuildPhase;
			buildActionMask = 2147483647;
			files = (
				515334982A8BACEA00523DD2 /* LaunchScreen.storyboard in Resources */,
				515334C12A8BC75000523DD2 /* filmler.sqlite in Resources */,
				515334952A8BACEA00523DD2 /* Assets.xcassets in Resources */,
				515334932A8BACE800523DD2 /* Main.storyboard in Resources */,
			);
			runOnlyForDeploymentPostprocessing = 0;
		};
/* End PBXResourcesBuildPhase section */

/* Begin PBXSourcesBuildPhase section */
		515334842A8BACE800523DD2 /* Sources */ = {
			isa = PBXSourcesBuildPhase;
			buildActionMask = 2147483647;
			files = (
				515334AA2A8BB6C400523DD2 /* Yonetmenler.swift in Sources */,
				515334C52A8BC7FE00523DD2 /* Filmlerdao.swift in Sources */,
				515334902A8BACE800523DD2 /* ViewController.swift in Sources */,
				515334A22A8BB21100523DD2 /* FilmHucreCollectionViewCell.swift in Sources */,
				515334BE2A8BC71000523DD2 /* FMDatabase.m in Sources */,
				515334AC2A8BB75D00523DD2 /* Filmler.swift in Sources */,
				515334BF2A8BC71000523DD2 /* FMDatabaseQueue.m in Sources */,
				5153348C2A8BACE800523DD2 /* AppDelegate.swift in Sources */,
				515334BB2A8BC71000523DD2 /* FMDatabasePool.m in Sources */,
				515334BD2A8BC71000523DD2 /* FMResultSet.m in Sources */,
				515334A62A8BB4C300523DD2 /* FilmDetayViewController.swift in Sources */,
				515334A02A8BAEEE00523DD2 /* KategoriHucreTableViewCell.swift in Sources */,
				515334A82A8BB61800523DD2 /* Kategoriler.swift in Sources */,
				515334C32A8BC7E200523DD2 /* Kategorilerdao.swift in Sources */,
				515334A42A8BB4AA00523DD2 /* FilmViewController.swift in Sources */,
				5153348E2A8BACE800523DD2 /* SceneDelegate.swift in Sources */,
				515334BC2A8BC71000523DD2 /* FMDatabaseAdditions.m in Sources */,
			);
			runOnlyForDeploymentPostprocessing = 0;
		};
/* End PBXSourcesBuildPhase section */

/* Begin PBXVariantGroup section */
		515334912A8BACE800523DD2 /* Main.storyboard */ = {
			isa = PBXVariantGroup;
			children = (
				515334922A8BACE800523DD2 /* Base */,
			);
			name = Main.storyboard;
			sourceTree = "<group>";
		};
		515334962A8BACEA00523DD2 /* LaunchScreen.storyboard */ = {
			isa = PBXVariantGroup;
			children = (
				515334972A8BACEA00523DD2 /* Base */,
			);
			name = LaunchScreen.storyboard;
			sourceTree = "<group>";
		};
/* End PBXVariantGroup section */

/* Begin XCBuildConfiguration section */
		5153349A2A8BACEA00523DD2 /* Debug */ = {
			isa = XCBuildConfiguration;
			buildSettings = {
				ALWAYS_SEARCH_USER_PATHS = NO;
				CLANG_ANALYZER_NONNULL = YES;
				CLANG_ANALYZER_NUMBER_OBJECT_CONVERSION = YES_AGGRESSIVE;
				CLANG_CXX_LANGUAGE_STANDARD = "gnu++20";
				CLANG_ENABLE_MODULES = YES;
				CLANG_ENABLE_OBJC_ARC = YES;
				CLANG_ENABLE_OBJC_WEAK = YES;
				CLANG_WARN_BLOCK_CAPTURE_AUTORELEASING = YES;
				CLANG_WARN_BOOL_CONVERSION = YES;
				CLANG_WARN_COMMA = YES;
				CLANG_WARN_CONSTANT_CONVERSION = YES;
				CLANG_WARN_DEPRECATED_OBJC_IMPLEMENTATIONS = YES;
				CLANG_WARN_DIRECT_OBJC_ISA_USAGE = YES_ERROR;
				CLANG_WARN_DOCUMENTATION_COMMENTS = YES;
				CLANG_WARN_EMPTY_BODY = YES;
				CLANG_WARN_ENUM_CONVERSION = YES;
				CLANG_WARN_INFINITE_RECURSION = YES;
				CLANG_WARN_INT_CONVERSION = YES;
				CLANG_WARN_NON_LITERAL_NULL_CONVERSION = YES;
				CLANG_WARN_OBJC_IMPLICIT_RETAIN_SELF = YES;
				CLANG_WARN_OBJC_LITERAL_CONVERSION = YES;
				CLANG_WARN_OBJC_ROOT_CLASS = YES_ERROR;
				CLANG_WARN_QUOTED_INCLUDE_IN_FRAMEWORK_HEADER = YES;
				CLANG_WARN_RANGE_LOOP_ANALYSIS = YES;
				CLANG_WARN_STRICT_PROTOTYPES = YES;
				CLANG_WARN_SUSPICIOUS_MOVE = YES;
				CLANG_WARN_UNGUARDED_AVAILABILITY = YES_AGGRESSIVE;
				CLANG_WARN_UNREACHABLE_CODE = YES;
				CLANG_WARN__DUPLICATE_METHOD_MATCH = YES;
				COPY_PHASE_STRIP = NO;
				DEBUG_INFORMATION_FORMAT = dwarf;
				ENABLE_STRICT_OBJC_MSGSEND = YES;
				ENABLE_TESTABILITY = YES;
				GCC_C_LANGUAGE_STANDARD = gnu11;
				GCC_DYNAMIC_NO_PIC = NO;
				GCC_NO_COMMON_BLOCKS = YES;
				GCC_OPTIMIZATION_LEVEL = 0;
				GCC_PREPROCESSOR_DEFINITIONS = (
					"DEBUG=1",
					"$(inherited)",
				);
				GCC_WARN_64_TO_32_BIT_CONVERSION = YES;
				GCC_WARN_ABOUT_RETURN_TYPE = YES_ERROR;
				GCC_WARN_UNDECLARED_SELECTOR = YES;
				GCC_WARN_UNINITIALIZED_AUTOS = YES_AGGRESSIVE;
				GCC_WARN_UNUSED_FUNCTION = YES;
				GCC_WARN_UNUSED_VARIABLE = YES;
				IPHONEOS_DEPLOYMENT_TARGET = 16.4;
				MTL_ENABLE_DEBUG_INFO = INCLUDE_SOURCE;
				MTL_FAST_MATH = YES;
				ONLY_ACTIVE_ARCH = YES;
				SDKROOT = iphoneos;
				SWIFT_ACTIVE_COMPILATION_CONDITIONS = DEBUG;
				SWIFT_OPTIMIZATION_LEVEL = "-Onone";
			};
			name = Debug;
		};
		5153349B2A8BACEA00523DD2 /* Release */ = {
			isa = XCBuildConfiguration;
			buildSettings = {
				ALWAYS_SEARCH_USER_PATHS = NO;
				CLANG_ANALYZER_NONNULL = YES;
				CLANG_ANALYZER_NUMBER_OBJECT_CONVERSION = YES_AGGRESSIVE;
				CLANG_CXX_LANGUAGE_STANDARD = "gnu++20";
				CLANG_ENABLE_MODULES = YES;
				CLANG_ENABLE_OBJC_ARC = YES;
				CLANG_ENABLE_OBJC_WEAK = YES;
				CLANG_WARN_BLOCK_CAPTURE_AUTORELEASING = YES;
				CLANG_WARN_BOOL_CONVERSION = YES;
				CLANG_WARN_COMMA = YES;
				CLANG_WARN_CONSTANT_CONVERSION = YES;
				CLANG_WARN_DEPRECATED_OBJC_IMPLEMENTATIONS = YES;
				CLANG_WARN_DIRECT_OBJC_ISA_USAGE = YES_ERROR;
				CLANG_WARN_DOCUMENTATION_COMMENTS = YES;
				CLANG_WARN_EMPTY_BODY = YES;
				CLANG_WARN_ENUM_CONVERSION = YES;
				CLANG_WARN_INFINITE_RECURSION = YES;
				CLANG_WARN_INT_CONVERSION = YES;
				CLANG_WARN_NON_LITERAL_NULL_CONVERSION = YES;
				CLANG_WARN_OBJC_IMPLICIT_RETAIN_SELF = YES;
				CLANG_WARN_OBJC_LITERAL_CONVERSION = YES;
				CLANG_WARN_OBJC_ROOT_CLASS = YES_ERROR;
				CLANG_WARN_QUOTED_INCLUDE_IN_FRAMEWORK_HEADER = YES;
				CLANG_WARN_RANGE_LOOP_ANALYSIS = YES;
				CLANG_WARN_STRICT_PROTOTYPES = YES;
				CLANG_WARN_SUSPICIOUS_MOVE = YES;
				CLANG_WARN_UNGUARDED_AVAILABILITY = YES_AGGRESSIVE;
				CLANG_WARN_UNREACHABLE_CODE = YES;
				CLANG_WARN__DUPLICATE_METHOD_MATCH = YES;
				COPY_PHASE_STRIP = NO;
				DEBUG_INFORMATION_FORMAT = "dwarf-with-dsym";
				ENABLE_NS_ASSERTIONS = NO;
				ENABLE_STRICT_OBJC_MSGSEND = YES;
				GCC_C_LANGUAGE_STANDARD = gnu11;
				GCC_NO_COMMON_BLOCKS = YES;
				GCC_WARN_64_TO_32_BIT_CONVERSION = YES;
				GCC_WARN_ABOUT_RETURN_TYPE = YES_ERROR;
				GCC_WARN_UNDECLARED_SELECTOR = YES;
				GCC_WARN_UNINITIALIZED_AUTOS = YES_AGGRESSIVE;
				GCC_WARN_UNUSED_FUNCTION = YES;
				GCC_WARN_UNUSED_VARIABLE = YES;
				IPHONEOS_DEPLOYMENT_TARGET = 16.4;
				MTL_ENABLE_DEBUG_INFO = NO;
				MTL_FAST_MATH = YES;
				SDKROOT = iphoneos;
				SWIFT_COMPILATION_MODE = wholemodule;
				SWIFT_OPTIMIZATION_LEVEL = "-O";
				VALIDATE_PRODUCT = YES;
			};
			name = Release;
		};
		5153349D2A8BACEA00523DD2 /* Debug */ = {
			isa = XCBuildConfiguration;
			buildSettings = {
				ASSETCATALOG_COMPILER_APPICON_NAME = AppIcon;
				ASSETCATALOG_COMPILER_GLOBAL_ACCENT_COLOR_NAME = AccentColor;
				CLANG_ENABLE_MODULES = YES;
				CODE_SIGN_STYLE = Automatic;
				CURRENT_PROJECT_VERSION = 1;
				DEVELOPMENT_TEAM = N8H7V8P3V7;
				GENERATE_INFOPLIST_FILE = YES;
				INFOPLIST_FILE = FimlerUygulamasi/Info.plist;
				INFOPLIST_KEY_UIApplicationSupportsIndirectInputEvents = YES;
				INFOPLIST_KEY_UILaunchStoryboardName = LaunchScreen;
				INFOPLIST_KEY_UIMainStoryboardFile = Main;
				INFOPLIST_KEY_UISupportedInterfaceOrientations_iPad = "UIInterfaceOrientationPortrait UIInterfaceOrientationPortraitUpsideDown UIInterfaceOrientationLandscapeLeft UIInterfaceOrientationLandscapeRight";
				INFOPLIST_KEY_UISupportedInterfaceOrientations_iPhone = "UIInterfaceOrientationPortrait UIInterfaceOrientationLandscapeLeft UIInterfaceOrientationLandscapeRight";
				LD_RUNPATH_SEARCH_PATHS = (
					"$(inherited)",
					"@executable_path/Frameworks",
				);
				MARKETING_VERSION = 1.0;
				PRODUCT_BUNDLE_IDENTIFIER = com.hakankucukaslan.FimlerUygulamasi;
				PRODUCT_NAME = "$(TARGET_NAME)";
				SWIFT_EMIT_LOC_STRINGS = YES;
				SWIFT_OBJC_BRIDGING_HEADER = "FimlerUygulamasi/FimlerUygulamasi-Bridging-Header.h";
				SWIFT_OPTIMIZATION_LEVEL = "-Onone";
				SWIFT_VERSION = 5.0;
				TARGETED_DEVICE_FAMILY = "1,2";
			};
			name = Debug;
		};
		5153349E2A8BACEA00523DD2 /* Release */ = {
			isa = XCBuildConfiguration;
			buildSettings = {
				ASSETCATALOG_COMPILER_APPICON_NAME = AppIcon;
				ASSETCATALOG_COMPILER_GLOBAL_ACCENT_COLOR_NAME = AccentColor;
				CLANG_ENABLE_MODULES = YES;
				CODE_SIGN_STYLE = Automatic;
				CURRENT_PROJECT_VERSION = 1;
				DEVELOPMENT_TEAM = N8H7V8P3V7;
				GENERATE_INFOPLIST_FILE = YES;
				INFOPLIST_FILE = FimlerUygulamasi/Info.plist;
				INFOPLIST_KEY_UIApplicationSupportsIndirectInputEvents = YES;
				INFOPLIST_KEY_UILaunchStoryboardName = LaunchScreen;
				INFOPLIST_KEY_UIMainStoryboardFile = Main;
				INFOPLIST_KEY_UISupportedInterfaceOrientations_iPad = "UIInterfaceOrientationPortrait UIInterfaceOrientationPortraitUpsideDown UIInterfaceOrientationLandscapeLeft UIInterfaceOrientationLandscapeRight";
				INFOPLIST_KEY_UISupportedInterfaceOrientations_iPhone = "UIInterfaceOrientationPortrait UIInterfaceOrientationLandscapeLeft UIInterfaceOrientationLandscapeRight";
				LD_RUNPATH_SEARCH_PATHS = (
					"$(inherited)",
					"@executable_path/Frameworks",
				);
				MARKETING_VERSION = 1.0;
				PRODUCT_BUNDLE_IDENTIFIER = com.hakankucukaslan.FimlerUygulamasi;
				PRODUCT_NAME = "$(TARGET_NAME)";
				SWIFT_EMIT_LOC_STRINGS = YES;
				SWIFT_OBJC_BRIDGING_HEADER = "FimlerUygulamasi/FimlerUygulamasi-Bridging-Header.h";
				SWIFT_VERSION = 5.0;
				TARGETED_DEVICE_FAMILY = "1,2";
			};
			name = Release;
		};
/* End XCBuildConfiguration section */

/* Begin XCConfigurationList section */
		515334832A8BACE800523DD2 /* Build configuration list for PBXProject "FimlerUygulamasi" */ = {
			isa = XCConfigurationList;
			buildConfigurations = (
				5153349A2A8BACEA00523DD2 /* Debug */,
				5153349B2A8BACEA00523DD2 /* Release */,
			);
			defaultConfigurationIsVisible = 0;
			defaultConfigurationName = Release;
		};
		5153349C2A8BACEA00523DD2 /* Build configuration list for PBXNativeTarget "FimlerUygulamasi" */ = {
			isa = XCConfigurationList;
			buildConfigurations = (
				5153349D2A8BACEA00523DD2 /* Debug */,
				5153349E2A8BACEA00523DD2 /* Release */,
			);
			defaultConfigurationIsVisible = 0;
			defaultConfigurationName = Release;
		};
/* End XCConfigurationList section */
	};
	rootObject = 515334802A8BACE800523DD2 /* Project object */;
}
